
Microsoft Visual Studio Solution File, Format Version 12.00
# Visual Studio Version 17
VisualStudioVersion = 17.6.33829.357
MinimumVisualStudioVersion = 10.0.40219.1
Project("{FAE04EC0-301F-11D3-BF4B-00C04F79EFBC}") = "ConsoleApp1", "ConsoleApp1\ConsoleApp1.csproj", "{893ED09C-8F7D-4C24-8CE9-44CEDF01C10A}"
EndProject
Global
	GlobalSection(SolutionConfigurationPlatforms) = preSolution
		Debug|Any CPU = Debug|Any CPU
		Release|Any CPU = Release|Any CPU
	EndGlobalSection
	GlobalSection(ProjectConfigurationPlatforms) = postSolution
		{893ED09C-8F7D-4C24-8CE9-44CEDF01C10A}.Debug|Any CPU.ActiveCfg = Debug|Any CPU
		{893ED09C-8F7D-4C24-8CE9-44CEDF01C10A}.Debug|Any CPU.Build.0 = Debug|Any CPU
		{893ED09C-8F7D-4C24-8CE9-44CEDF01C10A}.Release|Any CPU.ActiveCfg = Release|Any CPU
		{893ED09C-8F7D-4C24-8CE9-44CEDF01C10A}.Release|Any CPU.Build.0 = Release|Any CPU
	EndGlobalSection
	GlobalSection(SolutionProperties) = preSolution
		HideSolutionNode = FALSE
	EndGlobalSection
	GlobalSection(ExtensibilityGlobals) = postSolution
		SolutionGuid = {97B560A2-5C0B-41B2-8AE5-BC96FFB53910}
	EndGlobalSection
EndGlobal
